{
	"name": "test-tag-map-advisor-action",
	"lockfileVersion": 3,
	"requires": true,
	"packages": {
		"": {
			"name": "test-tag-map-advisor-action",
			"dependencies": {
				"@anthropic-ai/sdk": "^0.52.0"
			}
		},
		"node_modules/@anthropic-ai/sdk": {
			"version": "0.52.0",
			"resolved": "https://registry.npmjs.org/@anthropic-ai/sdk/-/sdk-0.52.0.tgz",
			"integrity": "sha512-d4c+fg+xy9e46c8+YnrrgIQR45CZlAi7PwdzIfDXDM6ACxEZli1/fxhURsq30ZpMZy6LvSkr41jGq5aF5TD7rQ==",
			"license": "MIT",
			"bin": {
				"anthropic-ai-sdk": "bin/cli"
			}
		}
	}
}
