# THIS IS AN AUTOGENERATED FILE. DO NOT EDIT THIS FILE DIRECTLY.
# yarn lockfile v1


"@types/mocha@^10.0.8":
  version "10.0.8"
  resolved "https://registry.yarnpkg.com/@types/mocha/-/mocha-10.0.8.tgz#a7eff5816e070c3b4d803f1d3cd780c4e42934a1"
  integrity sha512-HfMcUmy9hTMJh66VNcmeC9iVErIZJli2bszuXc6julh5YGuRb/W5OnkHjwLNYdFlMis0sY3If5SEAp+PktdJjw==

"@types/node@^22.5.4":
  version "22.5.4"
  resolved "https://registry.yarnpkg.com/@types/node/-/node-22.5.4.tgz#83f7d1f65bc2ed223bdbf57c7884f1d5a4fa84e8"
  integrity sha512-FDuKUJQm/ju9fT/SeX/6+gBzoPzlVCzfzmGkwKvRHQVxi4BntVbyIwf6a4Xn62mrvndLiml6z/UBXIdEVjQLXg==
  dependencies:
    undici-types "~6.19.2"

"@types/sinon-test@^2.4.6":
  version "2.4.6"
  resolved "https://registry.yarnpkg.com/@types/sinon-test/-/sinon-test-2.4.6.tgz#999cd1557980c356e4b1ade3c05ab322cf8f4513"
  integrity sha512-ggz+mnObtOEM64FL6PjJvfw4ratfcXv7O0yp1e1aRDLPTeWn5K19pmtEXrnZeCyxY+J31361HHsccyL0sbup8Q==
  dependencies:
    "@types/sinon" "*"

"@types/sinon@*", "@types/sinon@^17.0.3":
  version "17.0.3"
  resolved "https://registry.yarnpkg.com/@types/sinon/-/sinon-17.0.3.tgz#9aa7e62f0a323b9ead177ed23a36ea757141a5fa"
  integrity sha512-j3uovdn8ewky9kRBG19bOwaZbexJu/XjtkHyjvUgt4xfPFz18dcORIMqnYh66Fx3Powhcr85NT5+er3+oViapw==
  dependencies:
    "@types/sinonjs__fake-timers" "*"

"@types/sinonjs__fake-timers@*":
  version "8.1.5"
  resolved "https://registry.yarnpkg.com/@types/sinonjs__fake-timers/-/sinonjs__fake-timers-8.1.5.tgz#5fd3592ff10c1e9695d377020c033116cc2889f2"
  integrity sha512-mQkU2jY8jJEF7YHjHvsQO8+3ughTL1mcnn96igfhONmR+fUPSKIkefQYpSe8bsly2Ep7oQbn/6VG5/9/0qcArQ==

undici-types@~6.19.2:
  version "6.19.8"
  resolved "https://registry.yarnpkg.com/undici-types/-/undici-types-6.19.8.tgz#35111c9d1437ab83a7cdc0abae2f26d88eda0a02"
  integrity sha512-ve2KP6f/JnbPBFyobGHuerC9g1FYGn/F8n1LWTwNxCEzd6IfqTwUQcNXgEtmmQ6DlRrC1hrSrBnCZPokRrDHjw==
