# THIS IS AN AUTOGENERATED FILE. DO NOT EDIT THIS FILE DIRECTLY.
# yarn lockfile v1


"@fortawesome/fontawesome-free@^5.15.4":
  version "5.15.4"
  resolved "https://registry.yarnpkg.com/@fortawesome/fontawesome-free/-/fontawesome-free-5.15.4.tgz#ecda5712b61ac852c760d8b3c79c96adca5554e5"
  integrity sha512-eYm8vijH/hpzr/6/1CJ/V/Eb1xQFW2nnUKArb3z+yUWv7HTwj6M7SP957oMjfZjAHU6qpoNc2wQvIxBLWYa/Jg==

"@jupyter-widgets/base-manager@^1.0.8":
  version "1.0.9"
  resolved "https://registry.yarnpkg.com/@jupyter-widgets/base-manager/-/base-manager-1.0.9.tgz#9258c0970390211a29488e44b00d8fa1e20b90fa"
  integrity sha512-b6ekdhAtLehyoxAN6WqhnFLknGCScSYiemxsNs2d/qjySuJNN41kI1sxMsjVyQSfom1eaSy0dAjs8WH9t9rZ4Q==
  dependencies:
    "@jupyter-widgets/base" "^6.0.8"
    "@jupyterlab/services" "^6.0.0 || ^7.0.0"
    "@lumino/coreutils" "^1.11.1 || ^2"
    base64-js "^1.2.1"
    sanitize-html "^2.3"

"@jupyter-widgets/base@^6.0.7", "@jupyter-widgets/base@^6.0.8":
  version "6.0.8"
  resolved "https://registry.yarnpkg.com/@jupyter-widgets/base/-/base-6.0.8.tgz#683b04bab7c619e65fa3ec790c4f1a07643c9e38"
  integrity sha512-2Y0gl6BXdlxU9DR4YBWXd3dv9m6kSd2T31W81XGLR5/MGH4SSZ2LuiC0TsuMRFL+b6dk4+X73tRaekRxo5iMKA==
  dependencies:
    "@jupyterlab/services" "^6.0.0 || ^7.0.0"
    "@lumino/coreutils" "^1.11.1 || ^2.1"
    "@lumino/messaging" "^1.10.1 || ^2.1"
    "@lumino/widgets" "^1.30.0 || ^2.1"
    "@types/backbone" "1.4.14"
    "@types/lodash" "^4.14.134"
    backbone "1.4.0"
    jquery "^3.1.1"
    lodash "^4.17.4"

"@jupyter-widgets/controls@^5.0.8":
  version "5.0.9"
  resolved "https://registry.yarnpkg.com/@jupyter-widgets/controls/-/controls-5.0.9.tgz#ce9c7e03e6bd4669492837a52051e32edaf0b640"
  integrity sha512-Q1cun1kyMXOWUoaUsW/TP6rmTqg60TnWU0pQpoBLt1HfFURcPzCGYyChAdUs2hRCYcS61LUeaCvnS5aYiBFaeg==
  dependencies:
    "@jupyter-widgets/base" "^6.0.8"
    "@lumino/algorithm" "^1.9.1 || ^2.1"
    "@lumino/domutils" "^1.8.1 || ^2.1"
    "@lumino/messaging" "^1.10.1 || ^2.1"
    "@lumino/signaling" "^1.10.1 || ^2.1"
    "@lumino/widgets" "^1.30.0 || ^2.1"
    d3-color "^3.0.1"
    d3-format "^3.0.1"
    jquery "^3.1.1"
    nouislider "15.4.0"

"@jupyter-widgets/output@^6.0.7":
  version "6.0.8"
  resolved "https://registry.yarnpkg.com/@jupyter-widgets/output/-/output-6.0.8.tgz#e76363b6ca175610255ab4f244c270ae6f4daec1"
  integrity sha512-PTWzgKsYeeauTeldgFtBkpH8aX2Ax75JfPB/nokDFH9Av8756vWal40RL5tfYi3ZlVvmoHJ3iOboMzxxCHzd3w==
  dependencies:
    "@jupyter-widgets/base" "^6.0.8"

"@jupyter/ydoc@^2.0.1":
  version "2.1.1"
  resolved "https://registry.yarnpkg.com/@jupyter/ydoc/-/ydoc-2.1.1.tgz#96487cab6d3eb1419a7891384e8fcbefc971d605"
  integrity sha512-NeEwqXQ2j1OyLq4uezeQmsMiI+Qo5k7dYIMqNByOM7dJp6sHeP0jQ96w7BEc9E4SmrxwcOT4cLvcJWJE8Xun4g==
  dependencies:
    "@jupyterlab/nbformat" "^3.0.0 || ^4.0.0-alpha.21 || ^4.0.0"
    "@lumino/coreutils" "^1.11.0 || ^2.0.0"
    "@lumino/disposable" "^1.10.0 || ^2.0.0"
    "@lumino/signaling" "^1.10.0 || ^2.0.0"
    y-protocols "^1.0.5"
    yjs "^13.5.40"

"@jupyterlab/coreutils@^6.2.4":
  version "6.2.4"
  resolved "https://registry.yarnpkg.com/@jupyterlab/coreutils/-/coreutils-6.2.4.tgz#ff0744f93f3e4f1f907673ecc656052108e29d70"
  integrity sha512-A3yHM3UgMYKKJU8JtcPEMGUWUHMlol3TFCdFQbeJnqj+uJmxV0ejkLvDlGk+mefjpcVm/z3cXaDrwoUVtY2FDw==
  dependencies:
    "@lumino/coreutils" "^2.1.2"
    "@lumino/disposable" "^2.1.2"
    "@lumino/signaling" "^2.1.2"
    minimist "~1.2.0"
    path-browserify "^1.0.0"
    url-parse "~1.5.4"

"@jupyterlab/nbformat@^3.0.0 || ^4.0.0-alpha.21 || ^4.0.0", "@jupyterlab/nbformat@^4.2.4":
  version "4.2.4"
  resolved "https://registry.yarnpkg.com/@jupyterlab/nbformat/-/nbformat-4.2.4.tgz#ff0b82d1f04ac78f04b20f1213e178262d822782"
  integrity sha512-xR4qqvgjMSBeUQ7nUiRQAP6YDOZcqSHxNzIkds81dDL4wk5pj10oKpTg9lAqfwMImubjcGxTM4Msl8+N3cdpsw==
  dependencies:
    "@lumino/coreutils" "^2.1.2"

"@jupyterlab/services@^6.0.0 || ^7.0.0", "@jupyterlab/services@^7.2.3":
  version "7.2.4"
  resolved "https://registry.yarnpkg.com/@jupyterlab/services/-/services-7.2.4.tgz#818336a945a0f3572b4405da204077a53ad3903a"
  integrity sha512-9a9945owJsuAExroT/afecPSCLlQ/dhhQuttRBpycZFRBEGdSXcXY3/1q9rGUDb9wEk0A4ySk7LTZIWZTNP2rg==
  dependencies:
    "@jupyter/ydoc" "^2.0.1"
    "@jupyterlab/coreutils" "^6.2.4"
    "@jupyterlab/nbformat" "^4.2.4"
    "@jupyterlab/settingregistry" "^4.2.4"
    "@jupyterlab/statedb" "^4.2.4"
    "@lumino/coreutils" "^2.1.2"
    "@lumino/disposable" "^2.1.2"
    "@lumino/polling" "^2.1.2"
    "@lumino/properties" "^2.0.1"
    "@lumino/signaling" "^2.1.2"
    ws "^8.11.0"

"@jupyterlab/settingregistry@^4.2.4":
  version "4.2.4"
  resolved "https://registry.yarnpkg.com/@jupyterlab/settingregistry/-/settingregistry-4.2.4.tgz#a589d227dea1ccac5281991edcd2673e883f319c"
  integrity sha512-95eLd8uiufWE0pso/hlHKcF760NZKlQoubazG8uIphBuYCbSVhd621JoMViAIH6LqDwWi1LfdwYRMJp9hzTlfA==
  dependencies:
    "@jupyterlab/nbformat" "^4.2.4"
    "@jupyterlab/statedb" "^4.2.4"
    "@lumino/commands" "^2.3.0"
    "@lumino/coreutils" "^2.1.2"
    "@lumino/disposable" "^2.1.2"
    "@lumino/signaling" "^2.1.2"
    "@rjsf/utils" "^5.13.4"
    ajv "^8.12.0"
    json5 "^2.2.3"

"@jupyterlab/statedb@^4.2.4":
  version "4.2.4"
  resolved "https://registry.yarnpkg.com/@jupyterlab/statedb/-/statedb-4.2.4.tgz#2da38d9392267b790392c741d19e7b725a297c81"
  integrity sha512-MzNCYEPZcQ55G4M9jExM0zOjC3Bldj63kVM5ontVUpykQgs+sbMjeGcHY7mcMi9gY6hiPPSSvpL3Rf0eZArqkQ==
  dependencies:
    "@lumino/commands" "^2.3.0"
    "@lumino/coreutils" "^2.1.2"
    "@lumino/disposable" "^2.1.2"
    "@lumino/properties" "^2.0.1"
    "@lumino/signaling" "^2.1.2"

"@lumino/algorithm@^1.9.1 || ^2.1", "@lumino/algorithm@^1.9.2":
  version "1.9.2"
  resolved "https://registry.yarnpkg.com/@lumino/algorithm/-/algorithm-1.9.2.tgz#b95e6419aed58ff6b863a51bfb4add0f795141d3"
  integrity sha512-Z06lp/yuhz8CtIir3PNTGnuk7909eXt4ukJsCzChsGuot2l5Fbs96RJ/FOHgwCedaX74CtxPjXHXoszFbUA+4A==

"@lumino/algorithm@^2.0.2":
  version "2.0.2"
  resolved "https://registry.yarnpkg.com/@lumino/algorithm/-/algorithm-2.0.2.tgz#d211da98c92be0271afde96b949982e29178ae48"
  integrity sha512-cI8yJ2+QK1yM5ZRU3Kuaw9fJ/64JEDZEwWWp7+U0cd/mvcZ44BGdJJ29w+tIet1QXxPAvnsUleWyQ5qm4qUouA==

"@lumino/collections@^1.9.3":
  version "1.9.3"
  resolved "https://registry.yarnpkg.com/@lumino/collections/-/collections-1.9.3.tgz#370dc2d50aa91371288a4f7376bea5a3191fc5dc"
  integrity sha512-2i2Wf1xnfTgEgdyKEpqM16bcYRIhUOGCDzaVCEZACVG9R1CgYwOe3zfn71slBQOVSjjRgwYrgLXu4MBpt6YK+g==
  dependencies:
    "@lumino/algorithm" "^1.9.2"

"@lumino/collections@^2.0.2":
  version "2.0.2"
  resolved "https://registry.yarnpkg.com/@lumino/collections/-/collections-2.0.2.tgz#c790d8d4555d5dd349ecc817c8bd9e65b7f21c64"
  integrity sha512-o0QmfV1D3WhAeA8GI1/YmEPaK89JtHVa764rQ5T0LdbDEwUtUDbjavHs1E/+y66tNTXz9RUJ4D2rcSb9tysYsg==
  dependencies:
    "@lumino/algorithm" "^2.0.2"

"@lumino/commands@^2.3.0", "@lumino/commands@^2.3.1":
  version "2.3.1"
  resolved "https://registry.yarnpkg.com/@lumino/commands/-/commands-2.3.1.tgz#4ab5ec6521fefd3a9ff7ae0983c645483b9ecd07"
  integrity sha512-DpX1kkE4PhILpvK1T4ZnaFb6UP4+YTkdZifvN3nbiomD64O2CTd+wcWIBpZMgy6MMgbVgrE8dzHxHk1EsKxNxw==
  dependencies:
    "@lumino/algorithm" "^2.0.2"
    "@lumino/coreutils" "^2.2.0"
    "@lumino/disposable" "^2.1.3"
    "@lumino/domutils" "^2.0.2"
    "@lumino/keyboard" "^2.0.2"
    "@lumino/signaling" "^2.1.3"
    "@lumino/virtualdom" "^2.0.2"

"@lumino/coreutils@^1.11.0 || ^2.0.0", "@lumino/coreutils@^1.11.1 || ^2", "@lumino/coreutils@^1.11.1 || ^2.1", "@lumino/coreutils@^2.1.2", "@lumino/coreutils@^2.2.0":
  version "2.2.0"
  resolved "https://registry.yarnpkg.com/@lumino/coreutils/-/coreutils-2.2.0.tgz#3f9d5c36f2513f067b2563c7ad3b33f43905a4e2"
  integrity sha512-x5wnQ/GjWBayJ6vXVaUi6+Q6ETDdcUiH9eSfpRZFbgMQyyM6pi6baKqJBK2CHkCc/YbAEl6ipApTgm3KOJ/I3g==
  dependencies:
    "@lumino/algorithm" "^2.0.2"

"@lumino/disposable@^1.10.0 || ^2.0.0", "@lumino/disposable@^2.1.2", "@lumino/disposable@^2.1.3":
  version "2.1.3"
  resolved "https://registry.yarnpkg.com/@lumino/disposable/-/disposable-2.1.3.tgz#cd2b11d82896eb654c2a528c9ff79a85ccf88d74"
  integrity sha512-k5KXy/+T3UItiWHY4WwQawnsJnGo3aNtP5CTRKqo4+tbTNuhc3rTSvygJlNKIbEfIZXW2EWYnwfFDozkYx95eA==
  dependencies:
    "@lumino/signaling" "^2.1.3"

"@lumino/domutils@^1.8.1 || ^2.1":
  version "1.8.2"
  resolved "https://registry.yarnpkg.com/@lumino/domutils/-/domutils-1.8.2.tgz#d15cdbae12bea52852bbc13c4629360f9f05b7f5"
  integrity sha512-QIpMfkPJrs4GrWBuJf2Sn1fpyVPmvqUUAeD8xAQo8+4V5JAT0vUDLxZ9HijefMgNCi3+Bs8Z3lQwRCrz+cFP1A==

"@lumino/domutils@^2.0.2":
  version "2.0.2"
  resolved "https://registry.yarnpkg.com/@lumino/domutils/-/domutils-2.0.2.tgz#b05973a179db2da71239976f25194f65c0f8eb98"
  integrity sha512-2Kp6YHaMNI1rKB0PrALvOsZBHPy2EvVVAvJLWjlCm8MpWOVETjFp0MA9QpMubT9I76aKbaI5s1o1NJyZ8Y99pQ==

"@lumino/dragdrop@^2.1.5":
  version "2.1.5"
  resolved "https://registry.yarnpkg.com/@lumino/dragdrop/-/dragdrop-2.1.5.tgz#2c178ac3e7520551f08ffb4f31521d87940dcce1"
  integrity sha512-zqwR4GakrQBKZOW6S5pj2nfrQDurOErAoe9x3HS3BKLa1AzWA+t9PD5NESOKd81NqXFHjiMirSyFkTUs6pw+uA==
  dependencies:
    "@lumino/coreutils" "^2.2.0"
    "@lumino/disposable" "^2.1.3"

"@lumino/keyboard@^2.0.2":
  version "2.0.2"
  resolved "https://registry.yarnpkg.com/@lumino/keyboard/-/keyboard-2.0.2.tgz#8ff5e360b8960716f45b742845bea6f3c5f44760"
  integrity sha512-icRUpvswDaFjqmAJNbQRb/aTu6Iugo6Y2oC08TiIwhQtLS9W+Ee9VofdqvbPSvCm6DkyP+DCWMuA3KXZ4V4g4g==

"@lumino/messaging@^1.10.1 || ^2.1":
  version "1.10.3"
  resolved "https://registry.yarnpkg.com/@lumino/messaging/-/messaging-1.10.3.tgz#b6227bdfc178a8542571625ecb68063691b6af3c"
  integrity sha512-F/KOwMCdqvdEG8CYAJcBSadzp6aI7a47Fr60zAKGqZATSRRRV41q53iXU7HjFPqQqQIvdn9Z7J32rBEAyQAzww==
  dependencies:
    "@lumino/algorithm" "^1.9.2"
    "@lumino/collections" "^1.9.3"

"@lumino/messaging@^2.0.2":
  version "2.0.2"
  resolved "https://registry.yarnpkg.com/@lumino/messaging/-/messaging-2.0.2.tgz#133b94d1fa1c67ad60e622a32acaf682faf05aaa"
  integrity sha512-2sUF07cYA0f3mDil41Eh5sfBk0aGAH/mOh1I4+vyRUsKyBqp4WTUtpJFd8xVJGAntygxwnebIygkIaXXTIQvxA==
  dependencies:
    "@lumino/algorithm" "^2.0.2"
    "@lumino/collections" "^2.0.2"

"@lumino/polling@^2.1.2":
  version "2.1.3"
  resolved "https://registry.yarnpkg.com/@lumino/polling/-/polling-2.1.3.tgz#395fcfba3ada12439d5cc9592b68a89d781a54ed"
  integrity sha512-WEZk96ddK6eHEhdDkFUAAA40EOLit86QVbqQqnbPmhdGwFogek26Kq9b1U273LJeirv95zXCATOJAkjRyb7D+w==
  dependencies:
    "@lumino/coreutils" "^2.2.0"
    "@lumino/disposable" "^2.1.3"
    "@lumino/signaling" "^2.1.3"

"@lumino/properties@^2.0.1", "@lumino/properties@^2.0.2":
  version "2.0.2"
  resolved "https://registry.yarnpkg.com/@lumino/properties/-/properties-2.0.2.tgz#39213876b06a917eae72e8ea38b71daa1c699682"
  integrity sha512-b312oA3Bh97WFK8efXejYmC3DVJmvzJk72LQB7H3fXhfqS5jUWvL7MSnNmgcQvGzl9fIhDWDWjhtSTi0KGYYBg==

"@lumino/signaling@^1.10.0 || ^2.0.0", "@lumino/signaling@^1.10.1 || ^2.1", "@lumino/signaling@^2.1.2", "@lumino/signaling@^2.1.3":
  version "2.1.3"
  resolved "https://registry.yarnpkg.com/@lumino/signaling/-/signaling-2.1.3.tgz#612419e6948ce77c00328f9eff5ecd995c960a70"
  integrity sha512-9Wd4iMk8F1i6pYjy65bqKuPlzQMicyL9xy1/ccS20kovPcfD074waneL/7BVe+3M8i+fGa3x2qjbWrBzOdTdNw==
  dependencies:
    "@lumino/algorithm" "^2.0.2"
    "@lumino/coreutils" "^2.2.0"

"@lumino/virtualdom@^2.0.2":
  version "2.0.2"
  resolved "https://registry.yarnpkg.com/@lumino/virtualdom/-/virtualdom-2.0.2.tgz#927c9803ebd31cd97ca2c599ec9a5d509afb3b2d"
  integrity sha512-HYZThOtZSoknjdXA102xpy5CiXtTFCVz45EXdWeYLx3NhuEwuAIX93QBBIhupalmtFlRg1yhdDNV40HxJ4kcXg==
  dependencies:
    "@lumino/algorithm" "^2.0.2"

"@lumino/widgets@^1.30.0 || ^2.1", "@lumino/widgets@^2.3.2":
  version "2.4.0"
  resolved "https://registry.yarnpkg.com/@lumino/widgets/-/widgets-2.4.0.tgz#1516036f75840660bd84b3189acaedf49345a0b8"
  integrity sha512-n7MqRKj+g/aRnI3dl4EJw/Bkt5/LSwGcn3sA9opn88CMZmAzjC33ac+q6zijovjCX8yDud7KKK8yPFTwOFaxhg==
  dependencies:
    "@lumino/algorithm" "^2.0.2"
    "@lumino/commands" "^2.3.1"
    "@lumino/coreutils" "^2.2.0"
    "@lumino/disposable" "^2.1.3"
    "@lumino/domutils" "^2.0.2"
    "@lumino/dragdrop" "^2.1.5"
    "@lumino/keyboard" "^2.0.2"
    "@lumino/messaging" "^2.0.2"
    "@lumino/properties" "^2.0.2"
    "@lumino/signaling" "^2.1.3"
    "@lumino/virtualdom" "^2.0.2"

"@rjsf/utils@^5.13.4":
  version "5.19.4"
  resolved "https://registry.yarnpkg.com/@rjsf/utils/-/utils-5.19.4.tgz#aca645f4b183137bc4338b5697c32012bd70e3fe"
  integrity sha512-853BZuQvl62Xw2Ve07dkOdEzlr7jCBU/XFPhj9tik3s++InY1brBIDBRZKABvWHjymdSvO9gSzQXzj9aFREcFA==
  dependencies:
    json-schema-merge-allof "^0.8.1"
    jsonpointer "^5.0.1"
    lodash "^4.17.21"
    lodash-es "^4.17.21"
    react-is "^18.2.0"

"@types/backbone@1.4.14":
  version "1.4.14"
  resolved "https://registry.yarnpkg.com/@types/backbone/-/backbone-1.4.14.tgz#4b71f0c25d89cfa9a10b18042f0b03d35a53364c"
  integrity sha512-85ldQ99fiYTJFBlZuAJRaCdvTZKZ2p1fSs3fVf+6Ub6k1X0g0hNJ0qJ/2FOByyyAQYLtbEz3shX5taKQfBKBDw==
  dependencies:
    "@types/jquery" "*"
    "@types/underscore" "*"

"@types/jquery@*":
  version "3.5.30"
  resolved "https://registry.yarnpkg.com/@types/jquery/-/jquery-3.5.30.tgz#888d584cbf844d3df56834b69925085038fd80f7"
  integrity sha512-nbWKkkyb919DOUxjmRVk8vwtDb0/k8FKncmUKFi+NY+QXqWltooxTrswvz4LspQwxvLdvzBN1TImr6cw3aQx2A==
  dependencies:
    "@types/sizzle" "*"

"@types/lodash@^4.14.134":
  version "4.17.7"
  resolved "https://registry.yarnpkg.com/@types/lodash/-/lodash-4.17.7.tgz#2f776bcb53adc9e13b2c0dfd493dfcbd7de43612"
  integrity sha512-8wTvZawATi/lsmNu10/j2hk1KEP0IvjubqPE3cu1Xz7xfXXt5oCq3SNUz4fMIP4XGF9Ky+Ue2tBA3hcS7LSBlA==

"@types/sizzle@*":
  version "2.3.8"
  resolved "https://registry.yarnpkg.com/@types/sizzle/-/sizzle-2.3.8.tgz#518609aefb797da19bf222feb199e8f653ff7627"
  integrity sha512-0vWLNK2D5MT9dg0iOo8GlKguPAU02QjmZitPEsXRuJXU/OGIOt9vT9Fc26wtYuavLxtO45v9PGleoL9Z0k1LHg==

"@types/underscore@*":
  version "1.11.15"
  resolved "https://registry.yarnpkg.com/@types/underscore/-/underscore-1.11.15.tgz#29c776daecf6f1935da9adda17509686bf979947"
  integrity sha512-HP38xE+GuWGlbSRq9WrZkousaQ7dragtZCruBVMi0oX1migFZavZ3OROKHSkNp/9ouq82zrWtZpg18jFnVN96g==

"@types/vscode-webview@^1.57.5":
  version "1.57.5"
  resolved "https://registry.yarnpkg.com/@types/vscode-webview/-/vscode-webview-1.57.5.tgz#5b910525386c02305eb1d0772e0181c5f19c579b"
  integrity sha512-iBAUYNYkz+uk1kdsq05fEcoh8gJmwT3lqqFPN7MGyjQ3HVloViMdo7ZJ8DFIP8WOK74PjOEilosqAyxV2iUFUw==

ajv@^8.12.0:
  version "8.17.1"
  resolved "https://registry.yarnpkg.com/ajv/-/ajv-8.17.1.tgz#37d9a5c776af6bc92d7f4f9510eba4c0a60d11a6"
  integrity sha512-B/gBuNg5SiMTrPkC+A2+cW0RszwxYmn6VYxB/inlBStS5nx6xHIt/ehKRhIMhqusl7a8LjQoZnjCs5vhwxOQ1g==
  dependencies:
    fast-deep-equal "^3.1.3"
    fast-uri "^3.0.1"
    json-schema-traverse "^1.0.0"
    require-from-string "^2.0.2"

backbone@1.4.0:
  version "1.4.0"
  resolved "https://registry.yarnpkg.com/backbone/-/backbone-1.4.0.tgz#54db4de9df7c3811c3f032f34749a4cd27f3bd12"
  integrity sha512-RLmDrRXkVdouTg38jcgHhyQ/2zjg7a8E6sz2zxfz21Hh17xDJYUHBZimVIt5fUyS8vbfpeSmTL3gUjTEvUV3qQ==
  dependencies:
    underscore ">=1.8.3"

base64-js@^1.2.1:
  version "1.5.1"
  resolved "https://registry.yarnpkg.com/base64-js/-/base64-js-1.5.1.tgz#1b1b440160a5bf7ad40b650f095963481903930a"
  integrity sha512-AKpaYlHn8t4SVbOHCy+b5+KKgvR4vrsD8vbvrbiQJps7fKDTkjkDry6ji0rUJjC0kzbNePLwzxq8iypo41qeWA==

compute-gcd@^1.2.1:
  version "1.2.1"
  resolved "https://registry.yarnpkg.com/compute-gcd/-/compute-gcd-1.2.1.tgz#34d639f3825625e1357ce81f0e456a6249d8c77f"
  integrity sha512-TwMbxBNz0l71+8Sc4czv13h4kEqnchV9igQZBi6QUaz09dnz13juGnnaWWJTRsP3brxOoxeB4SA2WELLw1hCtg==
  dependencies:
    validate.io-array "^1.0.3"
    validate.io-function "^1.0.2"
    validate.io-integer-array "^1.0.0"

compute-lcm@^1.1.2:
  version "1.1.2"
  resolved "https://registry.yarnpkg.com/compute-lcm/-/compute-lcm-1.1.2.tgz#9107c66b9dca28cefb22b4ab4545caac4034af23"
  integrity sha512-OFNPdQAXnQhDSKioX8/XYT6sdUlXwpeMjfd6ApxMJfyZ4GxmLR1xvMERctlYhlHwIiz6CSpBc2+qYKjHGZw4TQ==
  dependencies:
    compute-gcd "^1.2.1"
    validate.io-array "^1.0.3"
    validate.io-function "^1.0.2"
    validate.io-integer-array "^1.0.0"

d3-color@^3.0.1:
  version "3.1.0"
  resolved "https://registry.yarnpkg.com/d3-color/-/d3-color-3.1.0.tgz#395b2833dfac71507f12ac2f7af23bf819de24e2"
  integrity sha512-zg/chbXyeBtMQ1LbD/WSoW2DpC3I0mpmPdW+ynRTj/x2DAWYrIY7qeZIHidozwV24m4iavr15lNwIwLxRmOxhA==

d3-format@^3.0.1:
  version "3.1.0"
  resolved "https://registry.yarnpkg.com/d3-format/-/d3-format-3.1.0.tgz#9260e23a28ea5cb109e93b21a06e24e2ebd55641"
  integrity sha512-YyUI6AEuY/Wpt8KWLgZHsIU86atmikuoOmCfommt0LYHiQSPjvX2AcFc38PX0CBpr2RCyZhjex+NS/LPOv6YqA==

deepmerge@^4.2.2:
  version "4.3.1"
  resolved "https://registry.yarnpkg.com/deepmerge/-/deepmerge-4.3.1.tgz#44b5f2147cd3b00d4b56137685966f26fd25dd4a"
  integrity sha512-3sUqbMEc77XqpdNO7FRyRog+eW3ph+GYCbj+rK+uYyRMuwsVy0rMiVtPn+QJlKFvWP/1PYpapqYn0Me2knFn+A==

dom-serializer@^2.0.0:
  version "2.0.0"
  resolved "https://registry.yarnpkg.com/dom-serializer/-/dom-serializer-2.0.0.tgz#e41b802e1eedf9f6cae183ce5e622d789d7d8e53"
  integrity sha512-wIkAryiqt/nV5EQKqQpo3SToSOV9J0DnbJqwK7Wv/Trc92zIAYZ4FlMu+JPFW1DfGFt81ZTCGgDEabffXeLyJg==
  dependencies:
    domelementtype "^2.3.0"
    domhandler "^5.0.2"
    entities "^4.2.0"

domelementtype@^2.3.0:
  version "2.3.0"
  resolved "https://registry.yarnpkg.com/domelementtype/-/domelementtype-2.3.0.tgz#5c45e8e869952626331d7aab326d01daf65d589d"
  integrity sha512-OLETBj6w0OsagBwdXnPdN0cnMfF9opN69co+7ZrbfPGrdpPVNBUj02spi6B1N7wChLQiPn4CSH/zJvXw56gmHw==

domhandler@^5.0.2, domhandler@^5.0.3:
  version "5.0.3"
  resolved "https://registry.yarnpkg.com/domhandler/-/domhandler-5.0.3.tgz#cc385f7f751f1d1fc650c21374804254538c7d31"
  integrity sha512-cgwlv/1iFQiFnU96XXgROh8xTeetsnJiDsTc7TYCLFd9+/WNkIqPTxiM/8pSd8VIrhXGTf1Ny1q1hquVqDJB5w==
  dependencies:
    domelementtype "^2.3.0"

domutils@^3.0.1:
  version "3.1.0"
  resolved "https://registry.yarnpkg.com/domutils/-/domutils-3.1.0.tgz#c47f551278d3dc4b0b1ab8cbb42d751a6f0d824e"
  integrity sha512-H78uMmQtI2AhgDJjWeQmHwJJ2bLPD3GMmO7Zja/ZZh84wkm+4ut+IUnUdRa8uCGX88DiVx1j6FRe1XfxEgjEZA==
  dependencies:
    dom-serializer "^2.0.0"
    domelementtype "^2.3.0"
    domhandler "^5.0.3"

entities@^4.2.0, entities@^4.4.0:
  version "4.5.0"
  resolved "https://registry.yarnpkg.com/entities/-/entities-4.5.0.tgz#5d268ea5e7113ec74c4d033b79ea5a35a488fb48"
  integrity sha512-V0hjH4dGPh9Ao5p0MoRY6BVqtwCjhz6vI5LT8AJ55H+4g9/4vbHx1I54fS0XuclLhDHArPQCiMjDxjaL8fPxhw==

escape-string-regexp@^4.0.0:
  version "4.0.0"
  resolved "https://registry.yarnpkg.com/escape-string-regexp/-/escape-string-regexp-4.0.0.tgz#14ba83a5d373e3d311e5afca29cf5bfad965bf34"
  integrity sha512-TtpcNJ3XAzx3Gq8sWRzJaVajRs0uVxA2YAkdb1jm2YkPz4G6egUFAyA3n5vtEIZefPk5Wa4UXbKuS5fKkJWdgA==

fast-deep-equal@^3.1.3:
  version "3.1.3"
  resolved "https://registry.yarnpkg.com/fast-deep-equal/-/fast-deep-equal-3.1.3.tgz#3a7d56b559d6cbc3eb512325244e619a65c6c525"
  integrity sha512-f3qQ9oQy9j2AhBe/H9VC91wLmKBCCU/gDOnKNAYG5hswO7BLKj09Hc5HYNz9cGI++xlpDCIgDaitVs03ATR84Q==

fast-uri@^3.0.1:
  version "3.0.1"
  resolved "https://registry.yarnpkg.com/fast-uri/-/fast-uri-3.0.1.tgz#cddd2eecfc83a71c1be2cc2ef2061331be8a7134"
  integrity sha512-MWipKbbYiYI0UC7cl8m/i/IWTqfC8YXsqjzybjddLsFjStroQzsHXkc73JutMvBiXmOvapk+axIl79ig5t55Bw==

htmlparser2@^8.0.0:
  version "8.0.2"
  resolved "https://registry.yarnpkg.com/htmlparser2/-/htmlparser2-8.0.2.tgz#f002151705b383e62433b5cf466f5b716edaec21"
  integrity sha512-GYdjWKDkbRLkZ5geuHs5NY1puJ+PXwP7+fHPRz06Eirsb9ugf6d8kkXav6ADhcODhFFPMIXyxkxSuMf3D6NCFA==
  dependencies:
    domelementtype "^2.3.0"
    domhandler "^5.0.3"
    domutils "^3.0.1"
    entities "^4.4.0"

is-plain-object@^5.0.0:
  version "5.0.0"
  resolved "https://registry.yarnpkg.com/is-plain-object/-/is-plain-object-5.0.0.tgz#4427f50ab3429e9025ea7d52e9043a9ef4159344"
  integrity sha512-VRSzKkbMm5jMDoKLbltAkFQ5Qr7VDiTFGXxYFXXowVj387GeGNOCsOH6Msy00SGZ3Fp84b1Naa1psqgcCIEP5Q==

isomorphic.js@^0.2.4:
  version "0.2.5"
  resolved "https://registry.yarnpkg.com/isomorphic.js/-/isomorphic.js-0.2.5.tgz#13eecf36f2dba53e85d355e11bf9d4208c6f7f88"
  integrity sha512-PIeMbHqMt4DnUP3MA/Flc0HElYjMXArsw1qwJZcm9sqR8mq3l8NYizFMty0pWwE/tzIGH3EKK5+jes5mAr85yw==

jquery@^3.1.1:
  version "3.7.1"
  resolved "https://registry.yarnpkg.com/jquery/-/jquery-3.7.1.tgz#083ef98927c9a6a74d05a6af02806566d16274de"
  integrity sha512-m4avr8yL8kmFN8psrbFFFmB/If14iN5o9nw/NgnnM+kybDJpRsAynV2BsfpTYrTRysYUdADVD7CkUUizgkpLfg==

json-schema-compare@^0.2.2:
  version "0.2.2"
  resolved "https://registry.yarnpkg.com/json-schema-compare/-/json-schema-compare-0.2.2.tgz#dd601508335a90c7f4cfadb6b2e397225c908e56"
  integrity sha512-c4WYmDKyJXhs7WWvAWm3uIYnfyWFoIp+JEoX34rctVvEkMYCPGhXtvmFFXiffBbxfZsvQ0RNnV5H7GvDF5HCqQ==
  dependencies:
    lodash "^4.17.4"

json-schema-merge-allof@^0.8.1:
  version "0.8.1"
  resolved "https://registry.yarnpkg.com/json-schema-merge-allof/-/json-schema-merge-allof-0.8.1.tgz#ed2828cdd958616ff74f932830a26291789eaaf2"
  integrity sha512-CTUKmIlPJbsWfzRRnOXz+0MjIqvnleIXwFTzz+t9T86HnYX/Rozria6ZVGLktAU9e+NygNljveP+yxqtQp/Q4w==
  dependencies:
    compute-lcm "^1.1.2"
    json-schema-compare "^0.2.2"
    lodash "^4.17.20"

json-schema-traverse@^1.0.0:
  version "1.0.0"
  resolved "https://registry.yarnpkg.com/json-schema-traverse/-/json-schema-traverse-1.0.0.tgz#ae7bcb3656ab77a73ba5c49bf654f38e6b6860e2"
  integrity sha512-NM8/P9n3XjXhIZn1lLhkFaACTOURQXjWhV4BA/RnOv8xvgqtqpAX9IO4mRQxSx1Rlo4tqzeqb0sOlruaOy3dug==

json5@^2.2.3:
  version "2.2.3"
  resolved "https://registry.yarnpkg.com/json5/-/json5-2.2.3.tgz#78cd6f1a19bdc12b73db5ad0c61efd66c1e29283"
  integrity sha512-XmOWe7eyHYH14cLdVPoyg+GOH3rYX++KpzrylJwSW98t3Nk+U8XOl8FWKOgwtzdb8lXGf6zYwDUzeHMWfxasyg==

jsonpointer@^5.0.1:
  version "5.0.1"
  resolved "https://registry.yarnpkg.com/jsonpointer/-/jsonpointer-5.0.1.tgz#2110e0af0900fd37467b5907ecd13a7884a1b559"
  integrity sha512-p/nXbhSEcu3pZRdkW1OfJhpsVtW1gd4Wa1fnQc9YLiTfAjn0312eMKimbdIQzuZl9aa9xUGaRlP9T/CJE/ditQ==

lib0@^0.2.85, lib0@^0.2.86:
  version "0.2.95"
  resolved "https://registry.yarnpkg.com/lib0/-/lib0-0.2.95.tgz#c81eb73d8988f5b32b975097a3182af1f0b61c9b"
  integrity sha512-St5XGDh5omvNawGkAOa7CFRjxl4xEKLj9DxgT8Nl7rmrD6l2WRTngvmZGhJKRaniROterT0RDVdnwLlU9PiEOg==
  dependencies:
    isomorphic.js "^0.2.4"

lodash-es@^4.17.21:
  version "4.17.21"
  resolved "https://registry.yarnpkg.com/lodash-es/-/lodash-es-4.17.21.tgz#43e626c46e6591b7750beb2b50117390c609e3ee"
  integrity sha512-mKnC+QJ9pWVzv+C4/U3rRsHapFfHvQFoFB92e52xeyGMcX6/OlIl78je1u8vePzYZSkkogMPJ2yjxxsb89cxyw==

lodash@^4.17.20, lodash@^4.17.21, lodash@^4.17.4:
  version "4.17.21"
  resolved "https://registry.yarnpkg.com/lodash/-/lodash-4.17.21.tgz#679591c564c3bffaae8454cf0b3df370c3d6911c"
  integrity sha512-v2kDEe57lecTulaDIuNTPy3Ry4gLGJ6Z1O3vE1krgXZNrsQ+LFTGHVxVjcXPs17LhbZVGedAJv8XZ1tvj5FvSg==

minimist@~1.2.0:
  version "1.2.8"
  resolved "https://registry.yarnpkg.com/minimist/-/minimist-1.2.8.tgz#c1a464e7693302e082a075cee0c057741ac4772c"
  integrity sha512-2yyAR8qBkN3YuheJanUpWC5U3bb5osDywNB8RzDVlDwDHbocAJveqqj1u8+SVD7jkWT4yvsHCpWqqWqAxb0zCA==

nanoid@^3.3.7:
  version "3.3.7"
  resolved "https://registry.yarnpkg.com/nanoid/-/nanoid-3.3.7.tgz#d0c301a691bc8d54efa0a2226ccf3fe2fd656bd8"
  integrity sha512-eSRppjcPIatRIMC1U6UngP8XFcz8MQWGQdt1MTBQ7NaAmvXDfvNxbvWV3x2y6CdEUciCSsDHDQZbhYaB8QEo2g==

nouislider@15.4.0:
  version "15.4.0"
  resolved "https://registry.yarnpkg.com/nouislider/-/nouislider-15.4.0.tgz#ac0d988e9ba59366062e5712e7cd37eb2e48630d"
  integrity sha512-AV7UMhGhZ4Mj6ToMT812Ib8OJ4tAXR2/Um7C4l4ZvvsqujF0WpQTpqqHJ+9xt4174R7ueQOUrBR4yakJpAIPCA==

parse-srcset@^1.0.2:
  version "1.0.2"
  resolved "https://registry.yarnpkg.com/parse-srcset/-/parse-srcset-1.0.2.tgz#f2bd221f6cc970a938d88556abc589caaaa2bde1"
  integrity sha512-/2qh0lav6CmI15FzA3i/2Bzk2zCgQhGMkvhOhKNcBVQ1ldgpbfiNTVslmooUmWJcADi1f1kIeynbDRVzNlfR6Q==

path-browserify@^1.0.0:
  version "1.0.1"
  resolved "https://registry.yarnpkg.com/path-browserify/-/path-browserify-1.0.1.tgz#d98454a9c3753d5790860f16f68867b9e46be1fd"
  integrity sha512-b7uo2UCUOYZcnF/3ID0lulOJi/bafxa1xPe7ZPsammBSpjSWQkjNxlt635YGS2MiR9GjvuXCtz2emr3jbsz98g==

picocolors@^1.0.1:
  version "1.0.1"
  resolved "https://registry.yarnpkg.com/picocolors/-/picocolors-1.0.1.tgz#a8ad579b571952f0e5d25892de5445bcfe25aaa1"
  integrity sha512-anP1Z8qwhkbmu7MFP5iTt+wQKXgwzf7zTyGlcdzabySa9vd0Xt392U0rVmz9poOaBj0uHJKyyo9/upk0HrEQew==

postcss@^8.3.11:
  version "8.4.40"
  resolved "https://registry.yarnpkg.com/postcss/-/postcss-8.4.40.tgz#eb81f2a4dd7668ed869a6db25999e02e9ad909d8"
  integrity sha512-YF2kKIUzAofPMpfH6hOi2cGnv/HrUlfucspc7pDyvv7kGdqXrfj8SCl/t8owkEgKEuu8ZcRjSOxFxVLqwChZ2Q==
  dependencies:
    nanoid "^3.3.7"
    picocolors "^1.0.1"
    source-map-js "^1.2.0"

querystringify@^2.1.1:
  version "2.2.0"
  resolved "https://registry.yarnpkg.com/querystringify/-/querystringify-2.2.0.tgz#3345941b4153cb9d082d8eee4cda2016a9aef7f6"
  integrity sha512-FIqgj2EUvTa7R50u0rGsyTftzjYmv/a3hO345bZNrqabNqjtgiDMgmo4mkUjd+nzU5oF3dClKqFIPUKybUyqoQ==

react-is@^18.2.0:
  version "18.3.1"
  resolved "https://registry.yarnpkg.com/react-is/-/react-is-18.3.1.tgz#e83557dc12eae63a99e003a46388b1dcbb44db7e"
  integrity sha512-/LLMVyas0ljjAtoYiPqYiL8VWXzUUdThrmU5+n20DZv+a+ClRoevUzw5JxU+Ieh5/c87ytoTBV9G1FiKfNJdmg==

require-from-string@^2.0.2:
  version "2.0.2"
  resolved "https://registry.yarnpkg.com/require-from-string/-/require-from-string-2.0.2.tgz#89a7fdd938261267318eafe14f9c32e598c36909"
  integrity sha512-Xf0nWe6RseziFMu+Ap9biiUbmplq6S9/p+7w7YXP/JBHhrUDDUhwa+vANyubuqfZWTveU//DYVGsDG7RKL/vEw==

requires-port@^1.0.0:
  version "1.0.0"
  resolved "https://registry.yarnpkg.com/requires-port/-/requires-port-1.0.0.tgz#925d2601d39ac485e091cf0da5c6e694dc3dcaff"
  integrity sha512-KigOCHcocU3XODJxsu8i/j8T9tzT4adHiecwORRQ0ZZFcp7ahwXuRU1m+yuO90C5ZUyGeGfocHDI14M3L3yDAQ==

sanitize-html@^2.3:
  version "2.13.0"
  resolved "https://registry.yarnpkg.com/sanitize-html/-/sanitize-html-2.13.0.tgz#71aedcdb777897985a4ea1877bf4f895a1170dae"
  integrity sha512-Xff91Z+4Mz5QiNSLdLWwjgBDm5b1RU6xBT0+12rapjiaR7SwfRdjw8f+6Rir2MXKLrDicRFHdb51hGOAxmsUIA==
  dependencies:
    deepmerge "^4.2.2"
    escape-string-regexp "^4.0.0"
    htmlparser2 "^8.0.0"
    is-plain-object "^5.0.0"
    parse-srcset "^1.0.2"
    postcss "^8.3.11"

source-map-js@^1.2.0:
  version "1.2.0"
  resolved "https://registry.yarnpkg.com/source-map-js/-/source-map-js-1.2.0.tgz#16b809c162517b5b8c3e7dcd315a2a5c2612b2af"
  integrity sha512-itJW8lvSA0TXEphiRoawsCksnlf8SyvmFzIhltqAHluXd88pkCd+cXJVHTDwdCr0IzwptSm035IHQktUu1QUMg==

typescript@^5.4.5:
  version "5.5.4"
  resolved "https://registry.yarnpkg.com/typescript/-/typescript-5.5.4.tgz#d9852d6c82bad2d2eda4fd74a5762a8f5909e9ba"
  integrity sha512-Mtq29sKDAEYP7aljRgtPOpTvOfbwRWlS6dPRzwjdE+C0R4brX/GUyhHSecbHMFLNBLcJIPt9nl9yG5TZ1weH+Q==

underscore@>=1.8.3:
  version "1.13.7"
  resolved "https://registry.yarnpkg.com/underscore/-/underscore-1.13.7.tgz#970e33963af9a7dda228f17ebe8399e5fbe63a10"
  integrity sha512-GMXzWtsc57XAtguZgaQViUOzs0KTkk8ojr3/xAxXLITqf/3EMwxC0inyETfDFjH/Krbhuep0HNbbjI9i/q3F3g==

url-parse@~1.5.4:
  version "1.5.10"
  resolved "https://registry.yarnpkg.com/url-parse/-/url-parse-1.5.10.tgz#9d3c2f736c1d75dd3bd2be507dcc111f1e2ea9c1"
  integrity sha512-WypcfiRhfeUP9vvF0j6rw0J3hrWrw6iZv3+22h6iRMJ/8z1Tj6XfLP4DsUix5MhMPnXpiHDoKyoZ/bdCkwBCiQ==
  dependencies:
    querystringify "^2.1.1"
    requires-port "^1.0.0"

validate.io-array@^1.0.3:
  version "1.0.6"
  resolved "https://registry.yarnpkg.com/validate.io-array/-/validate.io-array-1.0.6.tgz#5b5a2cafd8f8b85abb2f886ba153f2d93a27774d"
  integrity sha512-DeOy7CnPEziggrOO5CZhVKJw6S3Yi7e9e65R1Nl/RTN1vTQKnzjfvks0/8kQ40FP/dsjRAOd4hxmJ7uLa6vxkg==

validate.io-function@^1.0.2:
  version "1.0.2"
  resolved "https://registry.yarnpkg.com/validate.io-function/-/validate.io-function-1.0.2.tgz#343a19802ed3b1968269c780e558e93411c0bad7"
  integrity sha512-LlFybRJEriSuBnUhQyG5bwglhh50EpTL2ul23MPIuR1odjO7XaMLFV8vHGwp7AZciFxtYOeiSCT5st+XSPONiQ==

validate.io-integer-array@^1.0.0:
  version "1.0.0"
  resolved "https://registry.yarnpkg.com/validate.io-integer-array/-/validate.io-integer-array-1.0.0.tgz#2cabde033293a6bcbe063feafe91eaf46b13a089"
  integrity sha512-mTrMk/1ytQHtCY0oNO3dztafHYyGU88KL+jRxWuzfOmQb+4qqnWmI+gykvGp8usKZOM0H7keJHEbRaFiYA0VrA==
  dependencies:
    validate.io-array "^1.0.3"
    validate.io-integer "^1.0.4"

validate.io-integer@^1.0.4:
  version "1.0.5"
  resolved "https://registry.yarnpkg.com/validate.io-integer/-/validate.io-integer-1.0.5.tgz#168496480b95be2247ec443f2233de4f89878068"
  integrity sha512-22izsYSLojN/P6bppBqhgUDjCkr5RY2jd+N2a3DCAUey8ydvrZ/OkGvFPR7qfOpwR2LC5p4Ngzxz36g5Vgr/hQ==
  dependencies:
    validate.io-number "^1.0.3"

validate.io-number@^1.0.3:
  version "1.0.3"
  resolved "https://registry.yarnpkg.com/validate.io-number/-/validate.io-number-1.0.3.tgz#f63ffeda248bf28a67a8d48e0e3b461a1665baf8"
  integrity sha512-kRAyotcbNaSYoDnXvb4MHg/0a1egJdLwS6oJ38TJY7aw9n93Fl/3blIXdyYvPOp55CNxywooG/3BcrwNrBpcSg==

ws@^8.11.0:
  version "8.18.0"
  resolved "https://registry.yarnpkg.com/ws/-/ws-8.18.0.tgz#0d7505a6eafe2b0e712d232b42279f53bc289bbc"
  integrity sha512-8VbfWfHLbbwu3+N6OKsOMpBdT4kXPDDB9cJk2bJ6mh9ucxdlnNvH1e+roYkKmN9Nxw2yjz7VzeO9oOz2zJ04Pw==

y-protocols@^1.0.5:
  version "1.0.6"
  resolved "https://registry.yarnpkg.com/y-protocols/-/y-protocols-1.0.6.tgz#66dad8a95752623443e8e28c0e923682d2c0d495"
  integrity sha512-vHRF2L6iT3rwj1jub/K5tYcTT/mEYDUppgNPXwp8fmLpui9f7Yeq3OEtTLVF012j39QnV+KEQpNqoN7CWU7Y9Q==
  dependencies:
    lib0 "^0.2.85"

yjs@^13.5.40:
  version "13.6.18"
  resolved "https://registry.yarnpkg.com/yjs/-/yjs-13.6.18.tgz#d1575203478bc99ad1b89c098e7d4bacb7f91c3b"
  integrity sha512-GBTjO4QCmv2HFKFkYIJl7U77hIB1o22vSCSQD1Ge8ZxWbIbn8AltI4gyXbtL+g5/GJep67HCMq3Y5AmNwDSyEg==
  dependencies:
    lib0 "^0.2.86"
