{
  "name": "positron-rstudio-keymap",
  "version": "0.0.1",
  "lockfileVersion": 3,
  "requires": true,
  "packages": {
    "": {
      "name": "positron-rstudio-keymap",
      "version": "0.0.1",
      "license": "SEE LICENSE IN LICENSE.md",
      "engines": {
        "vscode": "^1.75.0"
      }
    }
  }
}
