{
  "name": "positron-data-explorer-formatting",
  "version": "0.0.1",
  "lockfileVersion": 3,
  "requires": true,
  "packages": {
    "": {
      "name": "positron-data-explorer-formatting",
      "version": "0.0.1",
      "devDependencies": {
        "positron-data-explorer-protocol": "file:../positron-data-explorer-protocol",
        "typescript": "^4.5.5"
      }
    },
    "../positron-data-explorer-protocol": {
      "version": "0.0.1",
      "dev": true,
      "devDependencies": {
        "typescript": "^6.0.3"
      }
    },
    "node_modules/positron-data-explorer-protocol": {
      "resolved": "../positron-data-explorer-protocol",
      "link": true
    },
    "node_modules/typescript": {
      "version": "4.9.5",
      "resolved": "https://registry.npmjs.org/typescript/-/typescript-4.9.5.tgz",
      "integrity": "sha512-1FXk9E2Hm+QzZQ7z+McJiHL4NW1F2EzMu9Nq9i3zAaGqibafqYwCVU6WyWAuyQRRzOlxou8xZSyXLEN8oKj24g==",
      "dev": true,
      "license": "Apache-2.0",
      "bin": {
        "tsc": "bin/tsc",
        "tsserver": "bin/tsserver"
      },
      "engines": {
        "node": ">=4.2.0"
      }
    }
  }
}
