name: 'Lock Threads'

on:
  schedule:
    - cron: '0 0 * * *'

jobs:
  lock:
    runs-on: ubuntu-latest
    steps:
      - uses: dessant/lock-threads@v5
        with:
          process-only: 'issues'
          issue-inactive-days: '14'
          issue-comment: >
            This issue has been automatically locked. If you believe you have
            found a related problem, please read our guide on feedback
            (https://github.com/posit-dev/positron/wiki/Feedback-and-Issues)
            and open a new issue, linking to this issue.
